{
    "_readme": [
        "This file locks the dependencies of your project to a known state",
        "Read more about it at https://getcomposer.org/doc/01-basic-usage.md#composer-lock-the-lock-file",
        "This file is @generated automatically"
    ],
    "content-hash": "1dfa4d846dbb23168f95a976dc910bd2",
    "packages": [
        {
            "name": "silentavt/rules-validation",
            "version": "0.0.2",
            "source": {
                "type": "git",
                "url": "https://github.com/silentavt/rules-validation.git",
                "reference": "34a5b6e3fd6f84b0535a7856e105534cf08d04bc"
            },
            "dist": {
                "type": "zip",
                "url": "https://api.github.com/repos/silentavt/rules-validation/zipball/34a5b6e3fd6f84b0535a7856e105534cf08d04bc",
                "reference": "34a5b6e3fd6f84b0535a7856e105534cf08d04bc",
                "shasum": ""
            },
            "require": {
                "php": ">=7.1"
            },
            "type": "library",
            "autoload": {
                "psr-4": {
                    "Silentavt\\Validation\\": "src"
                }
            },
            "notification-url": "https://packagist.org/downloads/",
            "license": [
                "MIT"
            ],
            "authors": [
                {
                    "name": "Alexander Tikhonravov",
                    "email": "silent.avt@gmail.com",
                    "homepage": "http://www.silentavt.ru",
                    "role": "Developer"
                }
            ],
            "description": "This package provides a rules based validator",
            "homepage": "https://github.com/silentavt/rules-validation",
            "keywords": [
                "silentavt",
                "validation"
            ],
            "time": "2017-12-30T17:19:46+00:00"
        }
    ],
    "packages-dev": [],
    "aliases": [],
    "minimum-stability": "stable",
    "stability-flags": [],
    "prefer-stable": false,
    "prefer-lowest": false,
    "platform": [],
    "platform-dev": []
}
